// !$*UTF8*$!
{
	archiveVersion = 1;
	classes = {
	};
	objectVersion = 46;
	objects = {

/* Begin PBXBuildFile section */
		A72050711D5A893A00C5BC83 /* secondPageViewController.swift in Sources */ = {isa = PBXBuildFile; fileRef = A72050701D5A893A00C5BC83 /* secondPageViewController.swift */; };
		A72050731D5AA74700C5BC83 /* MainPageViewController.swift in Sources */ = {isa = PBXBuildFile; fileRef = A72050721D5AA74700C5BC83 /* MainPageViewController.swift */; };
		A7A67ACD1D5510960092FC0E /* AppDelegate.swift in Sources */ = {isa = PBXBuildFile; fileRef = A7A67ACC1D5510960092FC0E /* AppDelegate.swift */; };
		A7A67AD21D5510970092FC0E /* Main.storyboard in Resources */ = {isa = PBXBuildFile; fileRef = A7A67AD01D5510970092FC0E /* Main.storyboard */; };
		A7A67AD41D5510970092FC0E /* Assets.xcassets in Resources */ = {isa = PBXBuildFile; fileRef = A7A67AD31D5510970092FC0E /* Assets.xcassets */; };
		A7A67AD71D5510970092FC0E /* LaunchScreen.storyboard in Resources */ = {isa = PBXBuildFile; fileRef = A7A67AD51D5510970092FC0E /* LaunchScreen.storyboard */; };
		A7F31A541D59082200DA5C13 /* firstPageViewController.swift in Sources */ = {isa = PBXBuildFile; fileRef = A7F31A531D59082200DA5C13 /* firstPageViewController.swift */; };
/* End PBXBuildFile section */

/* Begin PBXFileReference section */
		A72050701D5A893A00C5BC83 /* secondPageViewController.swift */ = {isa = PBXFileReference; fileEncoding = 4; lastKnownFileType = sourcecode.swift; path = secondPageViewController.swift; sourceTree = "<group>"; };
		A72050721D5AA74700C5BC83 /* MainPageViewController.swift */ = {isa = PBXFileReference; fileEncoding = 4; lastKnownFileType = sourcecode.swift; path = MainPageViewController.swift; sourceTree = "<group>"; };
		A7A67AC91D5510960092FC0E /* NutritionTracker.app */ = {isa = PBXFileReference; explicitFileType = wrapper.application; includeInIndex = 0; path = NutritionTracker.app; sourceTree = BUILT_PRODUCTS_DIR; };
		A7A67ACC1D5510960092FC0E /* AppDelegate.swift */ = {isa = PBXFileReference; lastKnownFileType = sourcecode.swift; path = AppDelegate.swift; sourceTree = "<group>"; };
		A7A67AD11D5510970092FC0E /* Base */ = {isa = PBXFileReference; lastKnownFileType = file.storyboard; name = Base; path = Base.lproj/Main.storyboard; sourceTree = "<group>"; };
		A7A67AD31D5510970092FC0E /* Assets.xcassets */ = {isa = PBXFileReference; lastKnownFileType = folder.assetcatalog; path = Assets.xcassets; sourceTree = "<group>"; };
		A7A67AD61D5510970092FC0E /* Base */ = {isa = PBXFileReference; lastKnownFileType = file.storyboard; name = Base; path = Base.lproj/LaunchScreen.storyboard; sourceTree = "<group>"; };
		A7A67AD81D5510970092FC0E /* Info.plist */ = {isa = PBXFileReference; lastKnownFileType = text.plist.xml; path = Info.plist; sourceTree = "<group>"; };
		A7F31A531D59082200DA5C13 /* firstPageViewController.swift */ = {isa = PBXFileReference; fileEncoding = 4; lastKnownFileType = sourcecode.swift; path = firstPageViewController.swift; sourceTree = "<group>"; };
/* End PBXFileReference section */

/* Begin PBXFrameworksBuildPhase section */
		A7A67AC61D5510960092FC0E /* Frameworks */ = {
			isa = PBXFrameworksBuildPhase;
			buildActionMask = 2147483647;
			files = (
			);
			runOnlyForDeploymentPostprocessing = 0;
		};
/* End PBXFrameworksBuildPhase section */

/* Begin PBXGroup section */
		A7A67AC01D5510960092FC0E = {
			isa = PBXGroup;
			children = (
				A7A67ACB1D5510960092FC0E /* NutritionTracker */,
				A7A67ACA1D5510960092FC0E /* Products */,
			);
			sourceTree = "<group>";
		};
		A7A67ACA1D5510960092FC0E /* Products */ = {
			isa = PBXGroup;
			children = (
				A7A67AC91D5510960092FC0E /* NutritionTracker.app */,
			);
			name = Products;
			sourceTree = "<group>";
		};
		A7A67ACB1D5510960092FC0E /* NutritionTracker */ = {
			isa = PBXGroup;
			children = (
				A7A67ACC1D5510960092FC0E /* AppDelegate.swift */,
				A7F31A531D59082200DA5C13 /* firstPageViewController.swift */,
				A72050701D5A893A00C5BC83 /* secondPageViewController.swift */,
				A72050721D5AA74700C5BC83 /* MainPageViewController.swift */,
				A7A67AD01D5510970092FC0E /* Main.storyboard */,
				A7A67AD31D5510970092FC0E /* Assets.xcassets */,
				A7A67AD51D5510970092FC0E /* LaunchScreen.storyboard */,
				A7A67AD81D5510970092FC0E /* Info.plist */,
			);
			path = NutritionTracker;
			sourceTree = "<group>";
		};
/* End PBXGroup section */

/* Begin PBXNativeTarget section */
		A7A67AC81D5510960092FC0E /* NutritionTracker */ = {
			isa = PBXNativeTarget;
			buildConfigurationList = A7A67ADB1D5510970092FC0E /* Build configuration list for PBXNativeTarget "NutritionTracker" */;
			buildPhases = (
				A7A67AC51D5510960092FC0E /* Sources */,
				A7A67AC61D5510960092FC0E /* Frameworks */,
				A7A67AC71D5510960092FC0E /* Resources */,
			);
			buildRules = (
			);
			dependencies = (
			);
			name = NutritionTracker;
			productName = NutritionTracker;
			productReference = A7A67AC91D5510960092FC0E /* NutritionTracker.app */;
			productType = "com.apple.product-type.application";
		};
/* End PBXNativeTarget section */

/* Begin PBXProject section */
		A7A67AC11D5510960092FC0E /* Project object */ = {
			isa = PBXProject;
			attributes = {
				LastSwiftUpdateCheck = 0730;
				LastUpgradeCheck = 0730;
				ORGANIZATIONNAME = "Gabriel Allen";
				TargetAttributes = {
					A7A67AC81D5510960092FC0E = {
						CreatedOnToolsVersion = 7.3.1;
					};
				};
			};
			buildConfigurationList = A7A67AC41D5510960092FC0E /* Build configuration list for PBXProject "NutritionTracker" */;
			compatibilityVersion = "Xcode 3.2";
			developmentRegion = English;
			hasScannedForEncodings = 0;
			knownRegions = (
				en,
				Base,
			);
			mainGroup = A7A67AC01D5510960092FC0E;
			productRefGroup = A7A67ACA1D5510960092FC0E /* Products */;
			projectDirPath = "";
			projectRoot = "";
			targets = (
				A7A67AC81D5510960092FC0E /* NutritionTracker */,
			);
		};
/* End PBXProject section */

/* Begin PBXResourcesBuildPhase section */
		A7A67AC71D5510960092FC0E /* Resources */ = {
			isa = PBXResourcesBuildPhase;
			buildActionMask = 2147483647;
			files = (
				A7A67AD71D5510970092FC0E /* LaunchScreen.storyboard in Resources */,
				A7A67AD41D5510970092FC0E /* Assets.xcassets in Resources */,
				A7A67AD21D5510970092FC0E /* Main.storyboard in Resources */,
			);
			runOnlyForDeploymentPostprocessing = 0;
		};
/* End PBXResourcesBuildPhase section */

/* Begin PBXSourcesBuildPhase section */
		A7A67AC51D5510960092FC0E /* Sources */ = {
			isa = PBXSourcesBuildPhase;
			buildActionMask = 2147483647;
			files = (
				A72050731D5AA74700C5BC83 /* MainPageViewController.swift in Sources */,
				A72050711D5A893A00C5BC83 /* secondPageViewController.swift in Sources */,
				A7F31A541D59082200DA5C13 /* firstPageViewController.swift in Sources */,
				A7A67ACD1D5510960092FC0E /* AppDelegate.swift in Sources */,
			);
			runOnlyForDeploymentPostprocessing = 0;
		};
/* End PBXSourcesBuildPhase section */

/* Begin PBXVariantGroup section */
		A7A67AD01D5510970092FC0E /* Main.storyboard */ = {
			isa = PBXVariantGroup;
			children = (
				A7A67AD11D5510970092FC0E /* Base */,
			);
			name = Main.storyboard;
			sourceTree = "<group>";
		};
		A7A67AD51D5510970092FC0E /* LaunchScreen.storyboard */ = {
			isa = PBXVariantGroup;
			children = (
				A7A67AD61D5510970092FC0E /* Base */,
			);
			name = LaunchScreen.storyboard;
			sourceTree = "<group>";
		};
/* End PBXVariantGroup section */

/* Begin XCBuildConfiguration section */
		A7A67AD91D5510970092FC0E /* Debug */ = {
			isa = XCBuildConfiguration;
			buildSettings = {
				ALWAYS_SEARCH_USER_PATHS = NO;
				CLANG_ANALYZER_NONNULL = YES;
				CLANG_CXX_LANGUAGE_STANDARD = "gnu++0x";
				CLANG_CXX_LIBRARY = "libc++";
				CLANG_ENABLE_MODULES = YES;
				CLANG_ENABLE_OBJC_ARC = YES;
				CLANG_WARN_BOOL_CONVERSION = YES;
				CLANG_WARN_CONSTANT_CONVERSION = YES;
				CLANG_WARN_DIRECT_OBJC_ISA_USAGE = YES_ERROR;
				CLANG_WARN_EMPTY_BODY = YES;
				CLANG_WARN_ENUM_CONVERSION = YES;
				CLANG_WARN_INT_CONVERSION = YES;
				CLANG_WARN_OBJC_ROOT_CLASS = YES_ERROR;
				CLANG_WARN_UNREACHABLE_CODE = YES;
				CLANG_WARN__DUPLICATE_METHOD_MATCH = YES;
				"CODE_SIGN_IDENTITY[sdk=iphoneos*]" = "iPhone Developer";
				COPY_PHASE_STRIP = NO;
				DEBUG_INFORMATION_FORMAT = dwarf;
				ENABLE_STRICT_OBJC_MSGSEND = YES;
				ENABLE_TESTABILITY = YES;
				GCC_C_LANGUAGE_STANDARD = gnu99;
				GCC_DYNAMIC_NO_PIC = NO;
				GCC_NO_COMMON_BLOCKS = YES;
				GCC_OPTIMIZATION_LEVEL = 0;
				GCC_PREPROCESSOR_DEFINITIONS = (
					"DEBUG=1",
					"$(inherited)",
				);
				GCC_WARN_64_TO_32_BIT_CONVERSION = YES;
				GCC_WARN_ABOUT_RETURN_TYPE = YES_ERROR;
				GCC_WARN_UNDECLARED_SELECTOR = YES;
				GCC_WARN_UNINITIALIZED_AUTOS = YES_AGGRESSIVE;
				GCC_WARN_UNUSED_FUNCTION = YES;
				GCC_WARN_UNUSED_VARIABLE = YES;
				IPHONEOS_DEPLOYMENT_TARGET = 9.3;
				MTL_ENABLE_DEBUG_INFO = YES;
				ONLY_ACTIVE_ARCH = YES;
				SDKROOT = iphoneos;
				SWIFT_OPTIMIZATION_LEVEL = "-Onone";
			};
			name = Debug;
		};
		A7A67ADA1D5510970092FC0E /* Release */ = {
			isa = XCBuildConfiguration;
			buildSettings = {
				ALWAYS_SEARCH_USER_PATHS = NO;
				CLANG_ANALYZER_NONNULL = YES;
				CLANG_CXX_LANGUAGE_STANDARD = "gnu++0x";
				CLANG_CXX_LIBRARY = "libc++";
				CLANG_ENABLE_MODULES = YES;
				CLANG_ENABLE_OBJC_ARC = YES;
				CLANG_WARN_BOOL_CONVERSION = YES;
				CLANG_WARN_CONSTANT_CONVERSION = YES;
				CLANG_WARN_DIRECT_OBJC_ISA_USAGE = YES_ERROR;
				CLANG_WARN_EMPTY_BODY = YES;
				CLANG_WARN_ENUM_CONVERSION = YES;
				CLANG_WARN_INT_CONVERSION = YES;
				CLANG_WARN_OBJC_ROOT_CLASS = YES_ERROR;
				CLANG_WARN_UNREACHABLE_CODE = YES;
				CLANG_WARN__DUPLICATE_METHOD_MATCH = YES;
				"CODE_SIGN_IDENTITY[sdk=iphoneos*]" = "iPhone Developer";
				COPY_PHASE_STRIP = NO;
				DEBUG_INFORMATION_FORMAT = "dwarf-with-dsym";
				ENABLE_NS_ASSERTIONS = NO;
				ENABLE_STRICT_OBJC_MSGSEND = YES;
				GCC_C_LANGUAGE_STANDARD = gnu99;
				GCC_NO_COMMON_BLOCKS = YES;
				GCC_WARN_64_TO_32_BIT_CONVERSION = YES;
				GCC_WARN_ABOUT_RETURN_TYPE = YES_ERROR;
				GCC_WARN_UNDECLARED_SELECTOR = YES;
				GCC_WARN_UNINITIALIZED_AUTOS = YES_AGGRESSIVE;
				GCC_WARN_UNUSED_FUNCTION = YES;
				GCC_WARN_UNUSED_VARIABLE = YES;
				IPHONEOS_DEPLOYMENT_TARGET = 9.3;
				MTL_ENABLE_DEBUG_INFO = NO;
				SDKROOT = iphoneos;
				VALIDATE_PRODUCT = YES;
			};
			name = Release;
		};
		A7A67ADC1D5510970092FC0E /* Debug */ = {
			isa = XCBuildConfiguration;
			buildSettings = {
				ASSETCATALOG_COMPILER_APPICON_NAME = AppIcon;
				INFOPLIST_FILE = NutritionTracker/Info.plist;
				LD_RUNPATH_SEARCH_PATHS = "$(inherited) @executable_path/Frameworks";
				PRODUCT_BUNDLE_IDENTIFIER = gabriel.allen.NutritionTracker;
				PRODUCT_NAME = "$(TARGET_NAME)";
			};
			name = Debug;
		};
		A7A67ADD1D5510970092FC0E /* Release */ = {
			isa = XCBuildConfiguration;
			buildSettings = {
				ASSETCATALOG_COMPILER_APPICON_NAME = AppIcon;
				INFOPLIST_FILE = NutritionTracker/Info.plist;
				LD_RUNPATH_SEARCH_PATHS = "$(inherited) @executable_path/Frameworks";
				PRODUCT_BUNDLE_IDENTIFIER = gabriel.allen.NutritionTracker;
				PRODUCT_NAME = "$(TARGET_NAME)";
			};
			name = Release;
		};
/* End XCBuildConfiguration section */

/* Begin XCConfigurationList section */
		A7A67AC41D5510960092FC0E /* Build configuration list for PBXProject "NutritionTracker" */ = {
			isa = XCConfigurationList;
			buildConfigurations = (
				A7A67AD91D5510970092FC0E /* Debug */,
				A7A67ADA1D5510970092FC0E /* Release */,
			);
			defaultConfigurationIsVisible = 0;
			defaultConfigurationName = Release;
		};
		A7A67ADB1D5510970092FC0E /* Build configuration list for PBXNativeTarget "NutritionTracker" */ = {
			isa = XCConfigurationList;
			buildConfigurations = (
				A7A67ADC1D5510970092FC0E /* Debug */,
				A7A67ADD1D5510970092FC0E /* Release */,
			);
			defaultConfigurationIsVisible = 0;
			defaultConfigurationName = Release;
		};
/* End XCConfigurationList section */
	};
	rootObject = A7A67AC11D5510960092FC0E /* Project object */;
}
